<?xml version="1.0" encoding="utf-8"?>
<Project ToolsVersion="4.0" xmlns="http://schemas.microsoft.com/developer/msbuild/2003">
  <ItemGroup>
    <Filter Include="Header Files">
      <UniqueIdentifier>{93995380-89BD-4b04-88EB-625FBE52EBFB}</UniqueIdentifier>
      <Extensions>h;hh;hpp;hxx;hm;inl;inc;xsd</Extensions>
    </Filter>
    <Filter Include="Resource Files">
      <UniqueIdentifier>{67DA6AB6-F800-4c08-8B7A-83BB121AAD01}</UniqueIdentifier>
      <Extensions>rc;ico;cur;bmp;dlg;rc2;rct;bin;rgs;gif;jpg;jpeg;jpe;resx;tiff;tif;png;wav;mfcribbon-ms</Extensions>
    </Filter>
    <Filter Include="Header Files\amqp">
      <UniqueIdentifier>{c362cc36-b8d3-4ce6-ac97-4feaaa88f6ce}</UniqueIdentifier>
    </Filter>
    <Filter Include="Header Files\json">
      <UniqueIdentifier>{7085db77-98a3-403f-92a9-cd6ea2f9ee72}</UniqueIdentifier>
    </Filter>
    <Filter Include="Header Files\grove">
      <UniqueIdentifier>{617f64b2-016e-4511-beb8-655f13aeb99a}</UniqueIdentifier>
    </Filter>
    <Filter Include="Header Files\Commands">
      <UniqueIdentifier>{e8f22a3a-6b29-469d-ab59-999de73d8b02}</UniqueIdentifier>
    </Filter>
    <Filter Include="Header Files\xml">
      <UniqueIdentifier>{6fe8b6cb-e85f-40d6-9deb-84abcdb6a211}</UniqueIdentifier>
    </Filter>
    <Filter Include="Source Files">
      <UniqueIdentifier>{4FC737F1-C7A5-4376-A066-2A32D752A2FF}</UniqueIdentifier>
      <Extensions>cpp;c;cc;cxx;def;odl;idl;hpj;bat;asm;asmx</Extensions>
    </Filter>
    <Filter Include="Source Files\amqp">
      <UniqueIdentifier>{f58197b6-c168-4b1b-bc72-f33c436dfc7e}</UniqueIdentifier>
    </Filter>
    <Filter Include="Source Files\json">
      <UniqueIdentifier>{2bcc3da3-f9a7-49c9-b376-7d2e6d44d542}</UniqueIdentifier>
    </Filter>
    <Filter Include="Source Files\grove">
      <UniqueIdentifier>{c6b52f82-daca-4ec0-b656-0c934b610b8f}</UniqueIdentifier>
    </Filter>
    <Filter Include="Source Files\commands">
      <UniqueIdentifier>{267baea7-2c43-4111-a866-2f6c81363e8c}</UniqueIdentifier>
    </Filter>
    <Filter Include="Docs">
      <UniqueIdentifier>{014ee3d8-26f7-4d29-88ff-b1409c9fbf15}</UniqueIdentifier>
    </Filter>
  </ItemGroup>
  <ItemGroup>
    <ClInclude Include="stdafx.h">
      <Filter>Header Files</Filter>
    </ClInclude>
    <ClInclude Include="targetver.h">
      <Filter>Header Files</Filter>
    </ClInclude>
    <ClInclude Include="Configuration.h">
      <Filter>Header Files</Filter>
    </ClInclude>
    <ClInclude Include="BuzzerAlarmCommand.h">
      <Filter>Header Files\Commands</Filter>
    </ClInclude>
    <ClInclude Include="Commands.h">
      <Filter>Header Files\Commands</Filter>
    </ClInclude>
    <ClInclude Include="LightCommand.h">
      <Filter>Header Files\Commands</Filter>
    </ClInclude>
    <ClInclude Include="ScreenTextCommand.h">
      <Filter>Header Files\Commands</Filter>
    </ClInclude>
    <ClInclude Include="AllCommands.h">
      <Filter>Header Files\Commands</Filter>
    </ClInclude>
    <ClInclude Include="..\common\xml\rapidxml.hpp">
      <Filter>Header Files\xml</Filter>
    </ClInclude>
    <ClInclude Include="..\common\xml\rapidxml_utils.hpp">
      <Filter>Header Files\xml</Filter>
    </ClInclude>
    <ClInclude Include="..\common\json\JSON.h">
      <Filter>Header Files\json</Filter>
    </ClInclude>
    <ClInclude Include="..\common\json\JSONValue.h">
      <Filter>Header Files\json</Filter>
    </ClInclude>
    <ClInclude Include="..\common\grove\grove.h">
      <Filter>Header Files\grove</Filter>
    </ClInclude>
    <ClInclude Include="..\common\grove\GroveBuzzer.h">
      <Filter>Header Files\grove</Filter>
    </ClInclude>
    <ClInclude Include="..\common\grove\GroveLED.h">
      <Filter>Header Files\grove</Filter>
    </ClInclude>
    <ClInclude Include="..\common\grove\rgb_lcd.h">
      <Filter>Header Files\grove</Filter>
    </ClInclude>
    <ClInclude Include="..\common\amqp\Address.h">
      <Filter>Header Files\amqp</Filter>
    </ClInclude>
    <ClInclude Include="..\common\amqp\Receiver.h">
      <Filter>Header Files\amqp</Filter>
    </ClInclude>
  </ItemGroup>
  <ItemGroup>
    <ClCompile Include="stdafx.cpp">
      <Filter>Source Files</Filter>
    </ClCompile>
    <ClCompile Include="Main.cpp">
      <Filter>Source Files</Filter>
    </ClCompile>
    <ClCompile Include="Configuration.cpp">
      <Filter>Source Files</Filter>
    </ClCompile>
    <ClCompile Include="Commands.cpp">
      <Filter>Source Files\commands</Filter>
    </ClCompile>
    <ClCompile Include="BuzzerAlarmCommand.cpp">
      <Filter>Source Files\commands</Filter>
    </ClCompile>
    <ClCompile Include="ScreenTextCommand.cpp">
      <Filter>Source Files\commands</Filter>
    </ClCompile>
    <ClCompile Include="LightCommand.cpp">
      <Filter>Source Files\commands</Filter>
    </ClCompile>
    <ClCompile Include="..\common\json\JSON.cpp">
      <Filter>Source Files\json</Filter>
    </ClCompile>
    <ClCompile Include="..\common\json\JSONValue.cpp">
      <Filter>Source Files\json</Filter>
    </ClCompile>
    <ClCompile Include="..\common\grove\GroveBuzzer.cpp">
      <Filter>Source Files\grove</Filter>
    </ClCompile>
    <ClCompile Include="..\common\grove\GroveLED.cpp">
      <Filter>Source Files\grove</Filter>
    </ClCompile>
    <ClCompile Include="..\common\grove\rgb_lcd.cpp">
      <Filter>Source Files\grove</Filter>
    </ClCompile>
    <ClCompile Include="..\common\amqp\Address.cpp">
      <Filter>Source Files\amqp</Filter>
    </ClCompile>
    <ClCompile Include="..\common\amqp\Receiver.cpp">
      <Filter>Source Files\amqp</Filter>
    </ClCompile>
  </ItemGroup>
  <ItemGroup>
    <None Include="packages.config" />
    <None Include="IntelGalileoService.exe.config">
      <Filter>Resource Files</Filter>
    </None>
    <None Include="..\Service.md">
      <Filter>Docs</Filter>
    </None>
  </ItemGroup>
</Project>